// !$*UTF8*$!
{
	archiveVersion = 1;
	classes = {
	};
	objectVersion = 50;
	objects = {

/* Begin PBXBuildFile section */
		C2A0F791232AB1FE003CF329 /* AppDelegate.swift in Sources */ = {isa = PBXBuildFile; fileRef = C2A0F790232AB1FE003CF329 /* AppDelegate.swift */; };
		C2A0F793232AB1FE003CF329 /* ViewController.swift in Sources */ = {isa = PBXBuildFile; fileRef = C2A0F792232AB1FE003CF329 /* ViewController.swift */; };
		C2A0F798232AB200003CF329 /* Assets.xcassets in Resources */ = {isa = PBXBuildFile; fileRef = C2A0F797232AB200003CF329 /* Assets.xcassets */; };
		C2A0F79B232AB200003CF329 /* LaunchScreen.storyboard in Resources */ = {isa = PBXBuildFile; fileRef = C2A0F799232AB200003CF329 /* LaunchScreen.storyboard */; };
		C2A0F7A6232AB200003CF329 /* HangmanTests.swift in Sources */ = {isa = PBXBuildFile; fileRef = C2A0F7A5232AB200003CF329 /* HangmanTests.swift */; };
		C2A0F7B1232AB288003CF329 /* Gradient.swift in Sources */ = {isa = PBXBuildFile; fileRef = C2A0F7B0232AB288003CF329 /* Gradient.swift */; };
		C2A0F7B3232AB51D003CF329 /* Colours.swift in Sources */ = {isa = PBXBuildFile; fileRef = C2A0F7B2232AB51D003CF329 /* Colours.swift */; };
		C2A0F7B7232C24A4003CF329 /* Gif.swift in Sources */ = {isa = PBXBuildFile; fileRef = C2A0F7B6232C24A4003CF329 /* Gif.swift */; };
		C2A0F7F3233E8229003CF329 /* CustomAlertView.swift in Sources */ = {isa = PBXBuildFile; fileRef = C2A0F7F2233E8229003CF329 /* CustomAlertView.swift */; };
		C2FBAED024C71B0F00FFC2B1 /* sad.gif in Resources */ = {isa = PBXBuildFile; fileRef = C2FBAECF24C71B0F00FFC2B1 /* sad.gif */; };
		C2FBAED224C720B100FFC2B1 /* words in Resources */ = {isa = PBXBuildFile; fileRef = C2FBAED124C720B100FFC2B1 /* words */; };
		C2FBAED424C72C6600FFC2B1 /* dancing.gif in Resources */ = {isa = PBXBuildFile; fileRef = C2FBAED324C72C6600FFC2B1 /* dancing.gif */; };
/* End PBXBuildFile section */

/* Begin PBXContainerItemProxy section */
		C2A0F7A2232AB200003CF329 /* PBXContainerItemProxy */ = {
			isa = PBXContainerItemProxy;
			containerPortal = C2A0F785232AB1FE003CF329 /* Project object */;
			proxyType = 1;
			remoteGlobalIDString = C2A0F78C232AB1FE003CF329;
			remoteInfo = Hangman;
		};
/* End PBXContainerItemProxy section */

/* Begin PBXFileReference section */
		C2A0F78D232AB1FE003CF329 /* Hangman.app */ = {isa = PBXFileReference; explicitFileType = wrapper.application; includeInIndex = 0; path = Hangman.app; sourceTree = BUILT_PRODUCTS_DIR; };
		C2A0F790232AB1FE003CF329 /* AppDelegate.swift */ = {isa = PBXFileReference; lastKnownFileType = sourcecode.swift; path = AppDelegate.swift; sourceTree = "<group>"; };
		C2A0F792232AB1FE003CF329 /* ViewController.swift */ = {isa = PBXFileReference; lastKnownFileType = sourcecode.swift; path = ViewController.swift; sourceTree = "<group>"; };
		C2A0F797232AB200003CF329 /* Assets.xcassets */ = {isa = PBXFileReference; lastKnownFileType = folder.assetcatalog; path = Assets.xcassets; sourceTree = "<group>"; };
		C2A0F79A232AB200003CF329 /* Base */ = {isa = PBXFileReference; lastKnownFileType = file.storyboard; name = Base; path = Base.lproj/LaunchScreen.storyboard; sourceTree = "<group>"; };
		C2A0F79C232AB200003CF329 /* Info.plist */ = {isa = PBXFileReference; lastKnownFileType = text.plist.xml; path = Info.plist; sourceTree = "<group>"; };
		C2A0F7A1232AB200003CF329 /* HangmanTests.xctest */ = {isa = PBXFileReference; explicitFileType = wrapper.cfbundle; includeInIndex = 0; path = HangmanTests.xctest; sourceTree = BUILT_PRODUCTS_DIR; };
		C2A0F7A5232AB200003CF329 /* HangmanTests.swift */ = {isa = PBXFileReference; lastKnownFileType = sourcecode.swift; path = HangmanTests.swift; sourceTree = "<group>"; };
		C2A0F7A7232AB200003CF329 /* Info.plist */ = {isa = PBXFileReference; lastKnownFileType = text.plist.xml; path = Info.plist; sourceTree = "<group>"; };
		C2A0F7B0232AB288003CF329 /* Gradient.swift */ = {isa = PBXFileReference; lastKnownFileType = sourcecode.swift; path = Gradient.swift; sourceTree = "<group>"; };
		C2A0F7B2232AB51D003CF329 /* Colours.swift */ = {isa = PBXFileReference; lastKnownFileType = sourcecode.swift; path = Colours.swift; sourceTree = "<group>"; };
		C2A0F7B6232C24A4003CF329 /* Gif.swift */ = {isa = PBXFileReference; lastKnownFileType = sourcecode.swift; path = Gif.swift; sourceTree = "<group>"; };
		C2A0F7F2233E8229003CF329 /* CustomAlertView.swift */ = {isa = PBXFileReference; lastKnownFileType = sourcecode.swift; path = CustomAlertView.swift; sourceTree = "<group>"; };
		C2FBAECF24C71B0F00FFC2B1 /* sad.gif */ = {isa = PBXFileReference; lastKnownFileType = image.gif; path = sad.gif; sourceTree = "<group>"; };
		C2FBAED124C720B100FFC2B1 /* words */ = {isa = PBXFileReference; fileEncoding = 4; lastKnownFileType = text; path = words; sourceTree = "<group>"; };
		C2FBAED324C72C6600FFC2B1 /* dancing.gif */ = {isa = PBXFileReference; lastKnownFileType = image.gif; path = dancing.gif; sourceTree = "<group>"; };
/* End PBXFileReference section */

/* Begin PBXFrameworksBuildPhase section */
		C2A0F78A232AB1FE003CF329 /* Frameworks */ = {
			isa = PBXFrameworksBuildPhase;
			buildActionMask = 2147483647;
			files = (
			);
			runOnlyForDeploymentPostprocessing = 0;
		};
		C2A0F79E232AB200003CF329 /* Frameworks */ = {
			isa = PBXFrameworksBuildPhase;
			buildActionMask = 2147483647;
			files = (
			);
			runOnlyForDeploymentPostprocessing = 0;
		};
/* End PBXFrameworksBuildPhase section */

/* Begin PBXGroup section */
		C2A0F784232AB1FE003CF329 = {
			isa = PBXGroup;
			children = (
				C2A0F78F232AB1FE003CF329 /* Hangman */,
				C2A0F7A4232AB200003CF329 /* HangmanTests */,
				C2A0F78E232AB1FE003CF329 /* Products */,
			);
			sourceTree = "<group>";
		};
		C2A0F78E232AB1FE003CF329 /* Products */ = {
			isa = PBXGroup;
			children = (
				C2A0F78D232AB1FE003CF329 /* Hangman.app */,
				C2A0F7A1232AB200003CF329 /* HangmanTests.xctest */,
			);
			name = Products;
			sourceTree = "<group>";
		};
		C2A0F78F232AB1FE003CF329 /* Hangman */ = {
			isa = PBXGroup;
			children = (
				C2FBAED124C720B100FFC2B1 /* words */,
				C2FBAED324C72C6600FFC2B1 /* dancing.gif */,
				C2FBAECF24C71B0F00FFC2B1 /* sad.gif */,
				C2A0F7B6232C24A4003CF329 /* Gif.swift */,
				C2A0F790232AB1FE003CF329 /* AppDelegate.swift */,
				C2A0F7B2232AB51D003CF329 /* Colours.swift */,
				C2A0F7F2233E8229003CF329 /* CustomAlertView.swift */,
				C2A0F792232AB1FE003CF329 /* ViewController.swift */,
				C2A0F7B0232AB288003CF329 /* Gradient.swift */,
				C2A0F797232AB200003CF329 /* Assets.xcassets */,
				C2A0F799232AB200003CF329 /* LaunchScreen.storyboard */,
				C2A0F79C232AB200003CF329 /* Info.plist */,
			);
			path = Hangman;
			sourceTree = "<group>";
		};
		C2A0F7A4232AB200003CF329 /* HangmanTests */ = {
			isa = PBXGroup;
			children = (
				C2A0F7A5232AB200003CF329 /* HangmanTests.swift */,
				C2A0F7A7232AB200003CF329 /* Info.plist */,
			);
			path = HangmanTests;
			sourceTree = "<group>";
		};
/* End PBXGroup section */

/* Begin PBXNativeTarget section */
		C2A0F78C232AB1FE003CF329 /* Hangman */ = {
			isa = PBXNativeTarget;
			buildConfigurationList = C2A0F7AA232AB200003CF329 /* Build configuration list for PBXNativeTarget "Hangman" */;
			buildPhases = (
				C2A0F789232AB1FE003CF329 /* Sources */,
				C2A0F78A232AB1FE003CF329 /* Frameworks */,
				C2A0F78B232AB1FE003CF329 /* Resources */,
			);
			buildRules = (
			);
			dependencies = (
			);
			name = Hangman;
			productName = Hangman;
			productReference = C2A0F78D232AB1FE003CF329 /* Hangman.app */;
			productType = "com.apple.product-type.application";
		};
		C2A0F7A0232AB200003CF329 /* HangmanTests */ = {
			isa = PBXNativeTarget;
			buildConfigurationList = C2A0F7AD232AB200003CF329 /* Build configuration list for PBXNativeTarget "HangmanTests" */;
			buildPhases = (
				C2A0F79D232AB200003CF329 /* Sources */,
				C2A0F79E232AB200003CF329 /* Frameworks */,
				C2A0F79F232AB200003CF329 /* Resources */,
			);
			buildRules = (
			);
			dependencies = (
				C2A0F7A3232AB200003CF329 /* PBXTargetDependency */,
			);
			name = HangmanTests;
			productName = HangmanTests;
			productReference = C2A0F7A1232AB200003CF329 /* HangmanTests.xctest */;
			productType = "com.apple.product-type.bundle.unit-test";
		};
/* End PBXNativeTarget section */

/* Begin PBXProject section */
		C2A0F785232AB1FE003CF329 /* Project object */ = {
			isa = PBXProject;
			attributes = {
				LastSwiftUpdateCheck = 1020;
				LastUpgradeCheck = 1020;
				ORGANIZATIONNAME = "Vanessa Bergen";
				TargetAttributes = {
					C2A0F78C232AB1FE003CF329 = {
						CreatedOnToolsVersion = 10.2.1;
					};
					C2A0F7A0232AB200003CF329 = {
						CreatedOnToolsVersion = 10.2.1;
						TestTargetID = C2A0F78C232AB1FE003CF329;
					};
				};
			};
			buildConfigurationList = C2A0F788232AB1FE003CF329 /* Build configuration list for PBXProject "Hangman" */;
			compatibilityVersion = "Xcode 9.3";
			developmentRegion = en;
			hasScannedForEncodings = 0;
			knownRegions = (
				en,
				Base,
			);
			mainGroup = C2A0F784232AB1FE003CF329;
			productRefGroup = C2A0F78E232AB1FE003CF329 /* Products */;
			projectDirPath = "";
			projectRoot = "";
			targets = (
				C2A0F78C232AB1FE003CF329 /* Hangman */,
				C2A0F7A0232AB200003CF329 /* HangmanTests */,
			);
		};
/* End PBXProject section */

/* Begin PBXResourcesBuildPhase section */
		C2A0F78B232AB1FE003CF329 /* Resources */ = {
			isa = PBXResourcesBuildPhase;
			buildActionMask = 2147483647;
			files = (
				C2FBAED224C720B100FFC2B1 /* words in Resources */,
				C2A0F79B232AB200003CF329 /* LaunchScreen.storyboard in Resources */,
				C2FBAED424C72C6600FFC2B1 /* dancing.gif in Resources */,
				C2FBAED024C71B0F00FFC2B1 /* sad.gif in Resources */,
				C2A0F798232AB200003CF329 /* Assets.xcassets in Resources */,
			);
			runOnlyForDeploymentPostprocessing = 0;
		};
		C2A0F79F232AB200003CF329 /* Resources */ = {
			isa = PBXResourcesBuildPhase;
			buildActionMask = 2147483647;
			files = (
			);
			runOnlyForDeploymentPostprocessing = 0;
		};
/* End PBXResourcesBuildPhase section */

/* Begin PBXSourcesBuildPhase section */
		C2A0F789232AB1FE003CF329 /* Sources */ = {
			isa = PBXSourcesBuildPhase;
			buildActionMask = 2147483647;
			files = (
				C2A0F793232AB1FE003CF329 /* ViewController.swift in Sources */,
				C2A0F791232AB1FE003CF329 /* AppDelegate.swift in Sources */,
				C2A0F7F3233E8229003CF329 /* CustomAlertView.swift in Sources */,
				C2A0F7B1232AB288003CF329 /* Gradient.swift in Sources */,
				C2A0F7B3232AB51D003CF329 /* Colours.swift in Sources */,
				C2A0F7B7232C24A4003CF329 /* Gif.swift in Sources */,
			);
			runOnlyForDeploymentPostprocessing = 0;
		};
		C2A0F79D232AB200003CF329 /* Sources */ = {
			isa = PBXSourcesBuildPhase;
			buildActionMask = 2147483647;
			files = (
				C2A0F7A6232AB200003CF329 /* HangmanTests.swift in Sources */,
			);
			runOnlyForDeploymentPostprocessing = 0;
		};
/* End PBXSourcesBuildPhase section */

/* Begin PBXTargetDependency section */
		C2A0F7A3232AB200003CF329 /* PBXTargetDependency */ = {
			isa = PBXTargetDependency;
			target = C2A0F78C232AB1FE003CF329 /* Hangman */;
			targetProxy = C2A0F7A2232AB200003CF329 /* PBXContainerItemProxy */;
		};
/* End PBXTargetDependency section */

/* Begin PBXVariantGroup section */
		C2A0F799232AB200003CF329 /* LaunchScreen.storyboard */ = {
			isa = PBXVariantGroup;
			children = (
				C2A0F79A232AB200003CF329 /* Base */,
			);
			name = LaunchScreen.storyboard;
			sourceTree = "<group>";
		};
/* End PBXVariantGroup section */

/* Begin XCBuildConfiguration section */
		C2A0F7A8232AB200003CF329 /* Debug */ = {
			isa = XCBuildConfiguration;
			buildSettings = {
				ALWAYS_SEARCH_USER_PATHS = NO;
				CLANG_ANALYZER_NONNULL = YES;
				CLANG_ANALYZER_NUMBER_OBJECT_CONVERSION = YES_AGGRESSIVE;
				CLANG_CXX_LANGUAGE_STANDARD = "gnu++14";
				CLANG_CXX_LIBRARY = "libc++";
				CLANG_ENABLE_MODULES = YES;
				CLANG_ENABLE_OBJC_ARC = YES;
				CLANG_ENABLE_OBJC_WEAK = YES;
				CLANG_WARN_BLOCK_CAPTURE_AUTORELEASING = YES;
				CLANG_WARN_BOOL_CONVERSION = YES;
				CLANG_WARN_COMMA = YES;
				CLANG_WARN_CONSTANT_CONVERSION = YES;
				CLANG_WARN_DEPRECATED_OBJC_IMPLEMENTATIONS = YES;
				CLANG_WARN_DIRECT_OBJC_ISA_USAGE = YES_ERROR;
				CLANG_WARN_DOCUMENTATION_COMMENTS = YES;
				CLANG_WARN_EMPTY_BODY = YES;
				CLANG_WARN_ENUM_CONVERSION = YES;
				CLANG_WARN_INFINITE_RECURSION = YES;
				CLANG_WARN_INT_CONVERSION = YES;
				CLANG_WARN_NON_LITERAL_NULL_CONVERSION = YES;
				CLANG_WARN_OBJC_IMPLICIT_RETAIN_SELF = YES;
				CLANG_WARN_OBJC_LITERAL_CONVERSION = YES;
				CLANG_WARN_OBJC_ROOT_CLASS = YES_ERROR;
				CLANG_WARN_RANGE_LOOP_ANALYSIS = YES;
				CLANG_WARN_STRICT_PROTOTYPES = YES;
				CLANG_WARN_SUSPICIOUS_MOVE = YES;
				CLANG_WARN_UNGUARDED_AVAILABILITY = YES_AGGRESSIVE;
				CLANG_WARN_UNREACHABLE_CODE = YES;
				CLANG_WARN__DUPLICATE_METHOD_MATCH = YES;
				CODE_SIGN_IDENTITY = "iPhone Developer";
				COPY_PHASE_STRIP = NO;
				DEBUG_INFORMATION_FORMAT = dwarf;
				ENABLE_STRICT_OBJC_MSGSEND = YES;
				ENABLE_TESTABILITY = YES;
				GCC_C_LANGUAGE_STANDARD = gnu11;
				GCC_DYNAMIC_NO_PIC = NO;
				GCC_NO_COMMON_BLOCKS = YES;
				GCC_OPTIMIZATION_LEVEL = 0;
				GCC_PREPROCESSOR_DEFINITIONS = (
					"DEBUG=1",
					"$(inherited)",
				);
				GCC_WARN_64_TO_32_BIT_CONVERSION = YES;
				GCC_WARN_ABOUT_RETURN_TYPE = YES_ERROR;
				GCC_WARN_UNDECLARED_SELECTOR = YES;
				GCC_WARN_UNINITIALIZED_AUTOS = YES_AGGRESSIVE;
				GCC_WARN_UNUSED_FUNCTION = YES;
				GCC_WARN_UNUSED_VARIABLE = YES;
				IPHONEOS_DEPLOYMENT_TARGET = 12.2;
				MTL_ENABLE_DEBUG_INFO = INCLUDE_SOURCE;
				MTL_FAST_MATH = YES;
				ONLY_ACTIVE_ARCH = YES;
				SDKROOT = iphoneos;
				SWIFT_ACTIVE_COMPILATION_CONDITIONS = DEBUG;
				SWIFT_OPTIMIZATION_LEVEL = "-Onone";
			};
			name = Debug;
		};
		C2A0F7A9232AB200003CF329 /* Release */ = {
			isa = XCBuildConfiguration;
			buildSettings = {
				ALWAYS_SEARCH_USER_PATHS = NO;
				CLANG_ANALYZER_NONNULL = YES;
				CLANG_ANALYZER_NUMBER_OBJECT_CONVERSION = YES_AGGRESSIVE;
				CLANG_CXX_LANGUAGE_STANDARD = "gnu++14";
				CLANG_CXX_LIBRARY = "libc++";
				CLANG_ENABLE_MODULES = YES;
				CLANG_ENABLE_OBJC_ARC = YES;
				CLANG_ENABLE_OBJC_WEAK = YES;
				CLANG_WARN_BLOCK_CAPTURE_AUTORELEASING = YES;
				CLANG_WARN_BOOL_CONVERSION = YES;
				CLANG_WARN_COMMA = YES;
				CLANG_WARN_CONSTANT_CONVERSION = YES;
				CLANG_WARN_DEPRECATED_OBJC_IMPLEMENTATIONS = YES;
				CLANG_WARN_DIRECT_OBJC_ISA_USAGE = YES_ERROR;
				CLANG_WARN_DOCUMENTATION_COMMENTS = YES;
				CLANG_WARN_EMPTY_BODY = YES;
				CLANG_WARN_ENUM_CONVERSION = YES;
				CLANG_WARN_INFINITE_RECURSION = YES;
				CLANG_WARN_INT_CONVERSION = YES;
				CLANG_WARN_NON_LITERAL_NULL_CONVERSION = YES;
				CLANG_WARN_OBJC_IMPLICIT_RETAIN_SELF = YES;
				CLANG_WARN_OBJC_LITERAL_CONVERSION = YES;
				CLANG_WARN_OBJC_ROOT_CLASS = YES_ERROR;
				CLANG_WARN_RANGE_LOOP_ANALYSIS = YES;
				CLANG_WARN_STRICT_PROTOTYPES = YES;
				CLANG_WARN_SUSPICIOUS_MOVE = YES;
				CLANG_WARN_UNGUARDED_AVAILABILITY = YES_AGGRESSIVE;
				CLANG_WARN_UNREACHABLE_CODE = YES;
				CLANG_WARN__DUPLICATE_METHOD_MATCH = YES;
				CODE_SIGN_IDENTITY = "iPhone Developer";
				COPY_PHASE_STRIP = NO;
				DEBUG_INFORMATION_FORMAT = "dwarf-with-dsym";
				ENABLE_NS_ASSERTIONS = NO;
				ENABLE_STRICT_OBJC_MSGSEND = YES;
				GCC_C_LANGUAGE_STANDARD = gnu11;
				GCC_NO_COMMON_BLOCKS = YES;
				GCC_WARN_64_TO_32_BIT_CONVERSION = YES;
				GCC_WARN_ABOUT_RETURN_TYPE = YES_ERROR;
				GCC_WARN_UNDECLARED_SELECTOR = YES;
				GCC_WARN_UNINITIALIZED_AUTOS = YES_AGGRESSIVE;
				GCC_WARN_UNUSED_FUNCTION = YES;
				GCC_WARN_UNUSED_VARIABLE = YES;
				IPHONEOS_DEPLOYMENT_TARGET = 12.2;
				MTL_ENABLE_DEBUG_INFO = NO;
				MTL_FAST_MATH = YES;
				SDKROOT = iphoneos;
				SWIFT_COMPILATION_MODE = wholemodule;
				SWIFT_OPTIMIZATION_LEVEL = "-O";
				VALIDATE_PRODUCT = YES;
			};
			name = Release;
		};
		C2A0F7AB232AB200003CF329 /* Debug */ = {
			isa = XCBuildConfiguration;
			buildSettings = {
				ASSETCATALOG_COMPILER_APPICON_NAME = AppIcon;
				CODE_SIGN_STYLE = Automatic;
				DEVELOPMENT_TEAM = DC5B64GRS6;
				INFOPLIST_FILE = Hangman/Info.plist;
				LD_RUNPATH_SEARCH_PATHS = (
					"$(inherited)",
					"@executable_path/Frameworks",
				);
				PRODUCT_BUNDLE_IDENTIFIER = com.vanessabergen.Hangman;
				PRODUCT_NAME = "$(TARGET_NAME)";
				SWIFT_VERSION = 5.0;
				TARGETED_DEVICE_FAMILY = "1,2";
			};
			name = Debug;
		};
		C2A0F7AC232AB200003CF329 /* Release */ = {
			isa = XCBuildConfiguration;
			buildSettings = {
				ASSETCATALOG_COMPILER_APPICON_NAME = AppIcon;
				CODE_SIGN_STYLE = Automatic;
				DEVELOPMENT_TEAM = DC5B64GRS6;
				INFOPLIST_FILE = Hangman/Info.plist;
				LD_RUNPATH_SEARCH_PATHS = (
					"$(inherited)",
					"@executable_path/Frameworks",
				);
				PRODUCT_BUNDLE_IDENTIFIER = com.vanessabergen.Hangman;
				PRODUCT_NAME = "$(TARGET_NAME)";
				SWIFT_VERSION = 5.0;
				TARGETED_DEVICE_FAMILY = "1,2";
			};
			name = Release;
		};
		C2A0F7AE232AB200003CF329 /* Debug */ = {
			isa = XCBuildConfiguration;
			buildSettings = {
				ALWAYS_EMBED_SWIFT_STANDARD_LIBRARIES = YES;
				BUNDLE_LOADER = "$(TEST_HOST)";
				CODE_SIGN_STYLE = Automatic;
				DEVELOPMENT_TEAM = DC5B64GRS6;
				INFOPLIST_FILE = HangmanTests/Info.plist;
				LD_RUNPATH_SEARCH_PATHS = (
					"$(inherited)",
					"@executable_path/Frameworks",
					"@loader_path/Frameworks",
				);
				PRODUCT_BUNDLE_IDENTIFIER = com.vanessabergen.HangmanTests;
				PRODUCT_NAME = "$(TARGET_NAME)";
				SWIFT_VERSION = 5.0;
				TARGETED_DEVICE_FAMILY = "1,2";
				TEST_HOST = "$(BUILT_PRODUCTS_DIR)/Hangman.app/Hangman";
			};
			name = Debug;
		};
		C2A0F7AF232AB200003CF329 /* Release */ = {
			isa = XCBuildConfiguration;
			buildSettings = {
				ALWAYS_EMBED_SWIFT_STANDARD_LIBRARIES = YES;
				BUNDLE_LOADER = "$(TEST_HOST)";
				CODE_SIGN_STYLE = Automatic;
				DEVELOPMENT_TEAM = DC5B64GRS6;
				INFOPLIST_FILE = HangmanTests/Info.plist;
				LD_RUNPATH_SEARCH_PATHS = (
					"$(inherited)",
					"@executable_path/Frameworks",
					"@loader_path/Frameworks",
				);
				PRODUCT_BUNDLE_IDENTIFIER = com.vanessabergen.HangmanTests;
				PRODUCT_NAME = "$(TARGET_NAME)";
				SWIFT_VERSION = 5.0;
				TARGETED_DEVICE_FAMILY = "1,2";
				TEST_HOST = "$(BUILT_PRODUCTS_DIR)/Hangman.app/Hangman";
			};
			name = Release;
		};
/* End XCBuildConfiguration section */

/* Begin XCConfigurationList section */
		C2A0F788232AB1FE003CF329 /* Build configuration list for PBXProject "Hangman" */ = {
			isa = XCConfigurationList;
			buildConfigurations = (
				C2A0F7A8232AB200003CF329 /* Debug */,
				C2A0F7A9232AB200003CF329 /* Release */,
			);
			defaultConfigurationIsVisible = 0;
			defaultConfigurationName = Release;
		};
		C2A0F7AA232AB200003CF329 /* Build configuration list for PBXNativeTarget "Hangman" */ = {
			isa = XCConfigurationList;
			buildConfigurations = (
				C2A0F7AB232AB200003CF329 /* Debug */,
				C2A0F7AC232AB200003CF329 /* Release */,
			);
			defaultConfigurationIsVisible = 0;
			defaultConfigurationName = Release;
		};
		C2A0F7AD232AB200003CF329 /* Build configuration list for PBXNativeTarget "HangmanTests" */ = {
			isa = XCConfigurationList;
			buildConfigurations = (
				C2A0F7AE232AB200003CF329 /* Debug */,
				C2A0F7AF232AB200003CF329 /* Release */,
			);
			defaultConfigurationIsVisible = 0;
			defaultConfigurationName = Release;
		};
/* End XCConfigurationList section */
	};
	rootObject = C2A0F785232AB1FE003CF329 /* Project object */;
}
